// !$*UTF8*$!
{
	archiveVersion = 1;
	classes = {
	};
	objectVersion = 50;
	objects = {

/* Begin PBXBuildFile section */
		A74E92BC26751F0D0021E03E /* AppDelegate.swift in Sources */ = {isa = PBXBuildFile; fileRef = A74E92BB26751F0D0021E03E /* AppDelegate.swift */; };
		A74E92BE26751F0D0021E03E /* SceneDelegate.swift in Sources */ = {isa = PBXBuildFile; fileRef = A74E92BD26751F0D0021E03E /* SceneDelegate.swift */; };
		A74E92C326751F0D0021E03E /* Main.storyboard in Resources */ = {isa = PBXBuildFile; fileRef = A74E92C126751F0D0021E03E /* Main.storyboard */; };
		A74E92C526751F0D0021E03E /* Assets.xcassets in Resources */ = {isa = PBXBuildFile; fileRef = A74E92C426751F0D0021E03E /* Assets.xcassets */; };
		A74E92C826751F0D0021E03E /* LaunchScreen.storyboard in Resources */ = {isa = PBXBuildFile; fileRef = A74E92C626751F0D0021E03E /* LaunchScreen.storyboard */; };
		A74E92D9267520680021E03E /* MainTabController.swift in Sources */ = {isa = PBXBuildFile; fileRef = A74E92D8267520680021E03E /* MainTabController.swift */; };
		A74E92DC267521980021E03E /* FeedController.swift in Sources */ = {isa = PBXBuildFile; fileRef = A74E92DB267521980021E03E /* FeedController.swift */; };
		A74E92DF267521D10021E03E /* ExploreController.swift in Sources */ = {isa = PBXBuildFile; fileRef = A74E92DE267521D10021E03E /* ExploreController.swift */; };
		A74E92E2267521D90021E03E /* NotificationController.swift in Sources */ = {isa = PBXBuildFile; fileRef = A74E92E1267521D90021E03E /* NotificationController.swift */; };
		A74E92E5267521E60021E03E /* ConversationController.swift in Sources */ = {isa = PBXBuildFile; fileRef = A74E92E4267521E60021E03E /* ConversationController.swift */; };
		A74E92E8267533EA0021E03E /* Extentions.swift in Sources */ = {isa = PBXBuildFile; fileRef = A74E92E7267533EA0021E03E /* Extentions.swift */; };
		A74E92ED26753CE60021E03E /* LoginController.swift in Sources */ = {isa = PBXBuildFile; fileRef = A74E92EC26753CE60021E03E /* LoginController.swift */; };
		A74E92F126753CF50021E03E /* RegisterController.swift in Sources */ = {isa = PBXBuildFile; fileRef = A74E92F026753CF50021E03E /* RegisterController.swift */; };
		A74E92F4267543990021E03E /* Utilities.swift in Sources */ = {isa = PBXBuildFile; fileRef = A74E92F3267543990021E03E /* Utilities.swift */; };
/* End PBXBuildFile section */

/* Begin PBXFileReference section */
		A74E92B826751F0D0021E03E /* Twitter iOS Clone Project.app */ = {isa = PBXFileReference; explicitFileType = wrapper.application; includeInIndex = 0; path = "Twitter iOS Clone Project.app"; sourceTree = BUILT_PRODUCTS_DIR; };
		A74E92BB26751F0D0021E03E /* AppDelegate.swift */ = {isa = PBXFileReference; lastKnownFileType = sourcecode.swift; path = AppDelegate.swift; sourceTree = "<group>"; };
		A74E92BD26751F0D0021E03E /* SceneDelegate.swift */ = {isa = PBXFileReference; lastKnownFileType = sourcecode.swift; path = SceneDelegate.swift; sourceTree = "<group>"; };
		A74E92C226751F0D0021E03E /* Base */ = {isa = PBXFileReference; lastKnownFileType = file.storyboard; name = Base; path = Base.lproj/Main.storyboard; sourceTree = "<group>"; };
		A74E92C426751F0D0021E03E /* Assets.xcassets */ = {isa = PBXFileReference; lastKnownFileType = folder.assetcatalog; path = Assets.xcassets; sourceTree = "<group>"; };
		A74E92C726751F0D0021E03E /* Base */ = {isa = PBXFileReference; lastKnownFileType = file.storyboard; name = Base; path = Base.lproj/LaunchScreen.storyboard; sourceTree = "<group>"; };
		A74E92C926751F0D0021E03E /* Info.plist */ = {isa = PBXFileReference; lastKnownFileType = text.plist.xml; path = Info.plist; sourceTree = "<group>"; };
		A74E92D8267520680021E03E /* MainTabController.swift */ = {isa = PBXFileReference; lastKnownFileType = sourcecode.swift; path = MainTabController.swift; sourceTree = "<group>"; };
		A74E92DB267521980021E03E /* FeedController.swift */ = {isa = PBXFileReference; lastKnownFileType = sourcecode.swift; path = FeedController.swift; sourceTree = "<group>"; };
		A74E92DE267521D10021E03E /* ExploreController.swift */ = {isa = PBXFileReference; lastKnownFileType = sourcecode.swift; path = ExploreController.swift; sourceTree = "<group>"; };
		A74E92E1267521D90021E03E /* NotificationController.swift */ = {isa = PBXFileReference; lastKnownFileType = sourcecode.swift; path = NotificationController.swift; sourceTree = "<group>"; };
		A74E92E4267521E60021E03E /* ConversationController.swift */ = {isa = PBXFileReference; lastKnownFileType = sourcecode.swift; path = ConversationController.swift; sourceTree = "<group>"; };
		A74E92E7267533EA0021E03E /* Extentions.swift */ = {isa = PBXFileReference; lastKnownFileType = sourcecode.swift; path = Extentions.swift; sourceTree = "<group>"; };
		A74E92EC26753CE60021E03E /* LoginController.swift */ = {isa = PBXFileReference; lastKnownFileType = sourcecode.swift; path = LoginController.swift; sourceTree = "<group>"; };
		A74E92F026753CF50021E03E /* RegisterController.swift */ = {isa = PBXFileReference; lastKnownFileType = sourcecode.swift; path = RegisterController.swift; sourceTree = "<group>"; };
		A74E92F3267543990021E03E /* Utilities.swift */ = {isa = PBXFileReference; lastKnownFileType = sourcecode.swift; path = Utilities.swift; sourceTree = "<group>"; };
/* End PBXFileReference section */

/* Begin PBXFrameworksBuildPhase section */
		A74E92B526751F0D0021E03E /* Frameworks */ = {
			isa = PBXFrameworksBuildPhase;
			buildActionMask = 2147483647;
			files = (
			);
			runOnlyForDeploymentPostprocessing = 0;
		};
/* End PBXFrameworksBuildPhase section */

/* Begin PBXGroup section */
		A74E92AF26751F0D0021E03E = {
			isa = PBXGroup;
			children = (
				A74E92BA26751F0D0021E03E /* Twitter iOS Clone Project */,
				A74E92B926751F0D0021E03E /* Products */,
			);
			sourceTree = "<group>";
		};
		A74E92B926751F0D0021E03E /* Products */ = {
			isa = PBXGroup;
			children = (
				A74E92B826751F0D0021E03E /* Twitter iOS Clone Project.app */,
			);
			name = Products;
			sourceTree = "<group>";
		};
		A74E92BA26751F0D0021E03E /* Twitter iOS Clone Project */ = {
			isa = PBXGroup;
			children = (
				A74E92D626751FA70021E03E /* Model */,
				A74E92D526751FA60021E03E /* View */,
				A74E92D426751FA40021E03E /* ViewModel */,
				A74E92D326751FA10021E03E /* Controller */,
				A74E92D226751F9F0021E03E /* API */,
				A74E92D026751F910021E03E /* Utils */,
				A74E92BB26751F0D0021E03E /* AppDelegate.swift */,
				A74E92BD26751F0D0021E03E /* SceneDelegate.swift */,
				A74E92C126751F0D0021E03E /* Main.storyboard */,
				A74E92C426751F0D0021E03E /* Assets.xcassets */,
				A74E92C626751F0D0021E03E /* LaunchScreen.storyboard */,
				A74E92C926751F0D0021E03E /* Info.plist */,
			);
			path = "Twitter iOS Clone Project";
			sourceTree = "<group>";
		};
		A74E92D026751F910021E03E /* Utils */ = {
			isa = PBXGroup;
			children = (
				A74E92E7267533EA0021E03E /* Extentions.swift */,
				A74E92F3267543990021E03E /* Utilities.swift */,
			);
			path = Utils;
			sourceTree = "<group>";
		};
		A74E92D226751F9F0021E03E /* API */ = {
			isa = PBXGroup;
			children = (
			);
			path = API;
			sourceTree = "<group>";
		};
		A74E92D326751FA10021E03E /* Controller */ = {
			isa = PBXGroup;
			children = (
				A74E92EB26753CD80021E03E /* Authentication */,
				A74E92D8267520680021E03E /* MainTabController.swift */,
				A74E92DB267521980021E03E /* FeedController.swift */,
				A74E92DE267521D10021E03E /* ExploreController.swift */,
				A74E92E1267521D90021E03E /* NotificationController.swift */,
				A74E92E4267521E60021E03E /* ConversationController.swift */,
			);
			path = Controller;
			sourceTree = "<group>";
		};
		A74E92D426751FA40021E03E /* ViewModel */ = {
			isa = PBXGroup;
			children = (
			);
			path = ViewModel;
			sourceTree = "<group>";
		};
		A74E92D526751FA60021E03E /* View */ = {
			isa = PBXGroup;
			children = (
			);
			path = View;
			sourceTree = "<group>";
		};
		A74E92D626751FA70021E03E /* Model */ = {
			isa = PBXGroup;
			children = (
			);
			path = Model;
			sourceTree = "<group>";
		};
		A74E92EB26753CD80021E03E /* Authentication */ = {
			isa = PBXGroup;
			children = (
				A74E92EC26753CE60021E03E /* LoginController.swift */,
				A74E92F026753CF50021E03E /* RegisterController.swift */,
			);
			path = Authentication;
			sourceTree = "<group>";
		};
/* End PBXGroup section */

/* Begin PBXNativeTarget section */
		A74E92B726751F0D0021E03E /* Twitter iOS Clone Project */ = {
			isa = PBXNativeTarget;
			buildConfigurationList = A74E92CC26751F0D0021E03E /* Build configuration list for PBXNativeTarget "Twitter iOS Clone Project" */;
			buildPhases = (
				A74E92B426751F0D0021E03E /* Sources */,
				A74E92B526751F0D0021E03E /* Frameworks */,
				A74E92B626751F0D0021E03E /* Resources */,
			);
			buildRules = (
			);
			dependencies = (
			);
			name = "Twitter iOS Clone Project";
			productName = "Twitter iOS Clone Project";
			productReference = A74E92B826751F0D0021E03E /* Twitter iOS Clone Project.app */;
			productType = "com.apple.product-type.application";
		};
/* End PBXNativeTarget section */

/* Begin PBXProject section */
		A74E92B026751F0D0021E03E /* Project object */ = {
			isa = PBXProject;
			attributes = {
				LastSwiftUpdateCheck = 1230;
				LastUpgradeCheck = 1230;
				TargetAttributes = {
					A74E92B726751F0D0021E03E = {
						CreatedOnToolsVersion = 12.3;
					};
				};
			};
			buildConfigurationList = A74E92B326751F0D0021E03E /* Build configuration list for PBXProject "Twitter iOS Clone Project" */;
			compatibilityVersion = "Xcode 9.3";
			developmentRegion = en;
			hasScannedForEncodings = 0;
			knownRegions = (
				en,
				Base,
			);
			mainGroup = A74E92AF26751F0D0021E03E;
			productRefGroup = A74E92B926751F0D0021E03E /* Products */;
			projectDirPath = "";
			projectRoot = "";
			targets = (
				A74E92B726751F0D0021E03E /* Twitter iOS Clone Project */,
			);
		};
/* End PBXProject section */

/* Begin PBXResourcesBuildPhase section */
		A74E92B626751F0D0021E03E /* Resources */ = {
			isa = PBXResourcesBuildPhase;
			buildActionMask = 2147483647;
			files = (
				A74E92C826751F0D0021E03E /* LaunchScreen.storyboard in Resources */,
				A74E92C526751F0D0021E03E /* Assets.xcassets in Resources */,
				A74E92C326751F0D0021E03E /* Main.storyboard in Resources */,
			);
			runOnlyForDeploymentPostprocessing = 0;
		};
/* End PBXResourcesBuildPhase section */

/* Begin PBXSourcesBuildPhase section */
		A74E92B426751F0D0021E03E /* Sources */ = {
			isa = PBXSourcesBuildPhase;
			buildActionMask = 2147483647;
			files = (
				A74E92F126753CF50021E03E /* RegisterController.swift in Sources */,
				A74E92E2267521D90021E03E /* NotificationController.swift in Sources */,
				A74E92F4267543990021E03E /* Utilities.swift in Sources */,
				A74E92BC26751F0D0021E03E /* AppDelegate.swift in Sources */,
				A74E92DF267521D10021E03E /* ExploreController.swift in Sources */,
				A74E92E8267533EA0021E03E /* Extentions.swift in Sources */,
				A74E92ED26753CE60021E03E /* LoginController.swift in Sources */,
				A74E92BE26751F0D0021E03E /* SceneDelegate.swift in Sources */,
				A74E92D9267520680021E03E /* MainTabController.swift in Sources */,
				A74E92E5267521E60021E03E /* ConversationController.swift in Sources */,
				A74E92DC267521980021E03E /* FeedController.swift in Sources */,
			);
			runOnlyForDeploymentPostprocessing = 0;
		};
/* End PBXSourcesBuildPhase section */

/* Begin PBXVariantGroup section */
		A74E92C126751F0D0021E03E /* Main.storyboard */ = {
			isa = PBXVariantGroup;
			children = (
				A74E92C226751F0D0021E03E /* Base */,
			);
			name = Main.storyboard;
			sourceTree = "<group>";
		};
		A74E92C626751F0D0021E03E /* LaunchScreen.storyboard */ = {
			isa = PBXVariantGroup;
			children = (
				A74E92C726751F0D0021E03E /* Base */,
			);
			name = LaunchScreen.storyboard;
			sourceTree = "<group>";
		};
/* End PBXVariantGroup section */

/* Begin XCBuildConfiguration section */
		A74E92CA26751F0D0021E03E /* Debug */ = {
			isa = XCBuildConfiguration;
			buildSettings = {
				ALWAYS_SEARCH_USER_PATHS = NO;
				CLANG_ANALYZER_NONNULL = YES;
				CLANG_ANALYZER_NUMBER_OBJECT_CONVERSION = YES_AGGRESSIVE;
				CLANG_CXX_LANGUAGE_STANDARD = "gnu++14";
				CLANG_CXX_LIBRARY = "libc++";
				CLANG_ENABLE_MODULES = YES;
				CLANG_ENABLE_OBJC_ARC = YES;
				CLANG_ENABLE_OBJC_WEAK = YES;
				CLANG_WARN_BLOCK_CAPTURE_AUTORELEASING = YES;
				CLANG_WARN_BOOL_CONVERSION = YES;
				CLANG_WARN_COMMA = YES;
				CLANG_WARN_CONSTANT_CONVERSION = YES;
				CLANG_WARN_DEPRECATED_OBJC_IMPLEMENTATIONS = YES;
				CLANG_WARN_DIRECT_OBJC_ISA_USAGE = YES_ERROR;
				CLANG_WARN_DOCUMENTATION_COMMENTS = YES;
				CLANG_WARN_EMPTY_BODY = YES;
				CLANG_WARN_ENUM_CONVERSION = YES;
				CLANG_WARN_INFINITE_RECURSION = YES;
				CLANG_WARN_INT_CONVERSION = YES;
				CLANG_WARN_NON_LITERAL_NULL_CONVERSION = YES;
				CLANG_WARN_OBJC_IMPLICIT_RETAIN_SELF = YES;
				CLANG_WARN_OBJC_LITERAL_CONVERSION = YES;
				CLANG_WARN_OBJC_ROOT_CLASS = YES_ERROR;
				CLANG_WARN_QUOTED_INCLUDE_IN_FRAMEWORK_HEADER = YES;
				CLANG_WARN_RANGE_LOOP_ANALYSIS = YES;
				CLANG_WARN_STRICT_PROTOTYPES = YES;
				CLANG_WARN_SUSPICIOUS_MOVE = YES;
				CLANG_WARN_UNGUARDED_AVAILABILITY = YES_AGGRESSIVE;
				CLANG_WARN_UNREACHABLE_CODE = YES;
				CLANG_WARN__DUPLICATE_METHOD_MATCH = YES;
				COPY_PHASE_STRIP = NO;
				DEBUG_INFORMATION_FORMAT = dwarf;
				ENABLE_STRICT_OBJC_MSGSEND = YES;
				ENABLE_TESTABILITY = YES;
				GCC_C_LANGUAGE_STANDARD = gnu11;
				GCC_DYNAMIC_NO_PIC = NO;
				GCC_NO_COMMON_BLOCKS = YES;
				GCC_OPTIMIZATION_LEVEL = 0;
				GCC_PREPROCESSOR_DEFINITIONS = (
					"DEBUG=1",
					"$(inherited)",
				);
				GCC_WARN_64_TO_32_BIT_CONVERSION = YES;
				GCC_WARN_ABOUT_RETURN_TYPE = YES_ERROR;
				GCC_WARN_UNDECLARED_SELECTOR = YES;
				GCC_WARN_UNINITIALIZED_AUTOS = YES_AGGRESSIVE;
				GCC_WARN_UNUSED_FUNCTION = YES;
				GCC_WARN_UNUSED_VARIABLE = YES;
				IPHONEOS_DEPLOYMENT_TARGET = 14.3;
				MTL_ENABLE_DEBUG_INFO = INCLUDE_SOURCE;
				MTL_FAST_MATH = YES;
				ONLY_ACTIVE_ARCH = YES;
				SDKROOT = iphoneos;
				SWIFT_ACTIVE_COMPILATION_CONDITIONS = DEBUG;
				SWIFT_OPTIMIZATION_LEVEL = "-Onone";
			};
			name = Debug;
		};
		A74E92CB26751F0D0021E03E /* Release */ = {
			isa = XCBuildConfiguration;
			buildSettings = {
				ALWAYS_SEARCH_USER_PATHS = NO;
				CLANG_ANALYZER_NONNULL = YES;
				CLANG_ANALYZER_NUMBER_OBJECT_CONVERSION = YES_AGGRESSIVE;
				CLANG_CXX_LANGUAGE_STANDARD = "gnu++14";
				CLANG_CXX_LIBRARY = "libc++";
				CLANG_ENABLE_MODULES = YES;
				CLANG_ENABLE_OBJC_ARC = YES;
				CLANG_ENABLE_OBJC_WEAK = YES;
				CLANG_WARN_BLOCK_CAPTURE_AUTORELEASING = YES;
				CLANG_WARN_BOOL_CONVERSION = YES;
				CLANG_WARN_COMMA = YES;
				CLANG_WARN_CONSTANT_CONVERSION = YES;
				CLANG_WARN_DEPRECATED_OBJC_IMPLEMENTATIONS = YES;
				CLANG_WARN_DIRECT_OBJC_ISA_USAGE = YES_ERROR;
				CLANG_WARN_DOCUMENTATION_COMMENTS = YES;
				CLANG_WARN_EMPTY_BODY = YES;
				CLANG_WARN_ENUM_CONVERSION = YES;
				CLANG_WARN_INFINITE_RECURSION = YES;
				CLANG_WARN_INT_CONVERSION = YES;
				CLANG_WARN_NON_LITERAL_NULL_CONVERSION = YES;
				CLANG_WARN_OBJC_IMPLICIT_RETAIN_SELF = YES;
				CLANG_WARN_OBJC_LITERAL_CONVERSION = YES;
				CLANG_WARN_OBJC_ROOT_CLASS = YES_ERROR;
				CLANG_WARN_QUOTED_INCLUDE_IN_FRAMEWORK_HEADER = YES;
				CLANG_WARN_RANGE_LOOP_ANALYSIS = YES;
				CLANG_WARN_STRICT_PROTOTYPES = YES;
				CLANG_WARN_SUSPICIOUS_MOVE = YES;
				CLANG_WARN_UNGUARDED_AVAILABILITY = YES_AGGRESSIVE;
				CLANG_WARN_UNREACHABLE_CODE = YES;
				CLANG_WARN__DUPLICATE_METHOD_MATCH = YES;
				COPY_PHASE_STRIP = NO;
				DEBUG_INFORMATION_FORMAT = "dwarf-with-dsym";
				ENABLE_NS_ASSERTIONS = NO;
				ENABLE_STRICT_OBJC_MSGSEND = YES;
				GCC_C_LANGUAGE_STANDARD = gnu11;
				GCC_NO_COMMON_BLOCKS = YES;
				GCC_WARN_64_TO_32_BIT_CONVERSION = YES;
				GCC_WARN_ABOUT_RETURN_TYPE = YES_ERROR;
				GCC_WARN_UNDECLARED_SELECTOR = YES;
				GCC_WARN_UNINITIALIZED_AUTOS = YES_AGGRESSIVE;
				GCC_WARN_UNUSED_FUNCTION = YES;
				GCC_WARN_UNUSED_VARIABLE = YES;
				IPHONEOS_DEPLOYMENT_TARGET = 14.3;
				MTL_ENABLE_DEBUG_INFO = NO;
				MTL_FAST_MATH = YES;
				SDKROOT = iphoneos;
				SWIFT_COMPILATION_MODE = wholemodule;
				SWIFT_OPTIMIZATION_LEVEL = "-O";
				VALIDATE_PRODUCT = YES;
			};
			name = Release;
		};
		A74E92CD26751F0D0021E03E /* Debug */ = {
			isa = XCBuildConfiguration;
			buildSettings = {
				ASSETCATALOG_COMPILER_APPICON_NAME = AppIcon;
				ASSETCATALOG_COMPILER_GLOBAL_ACCENT_COLOR_NAME = AccentColor;
				CODE_SIGN_STYLE = Automatic;
				DEVELOPMENT_TEAM = GGA73G37Y2;
				INFOPLIST_FILE = "Twitter iOS Clone Project/Info.plist";
				LD_RUNPATH_SEARCH_PATHS = (
					"$(inherited)",
					"@executable_path/Frameworks",
				);
				PRODUCT_BUNDLE_IDENTIFIER = "co.ackdevelepment.Twitter-iOS-Clone-Project";
				PRODUCT_NAME = "$(TARGET_NAME)";
				SWIFT_VERSION = 5.0;
				TARGETED_DEVICE_FAMILY = "1,2";
			};
			name = Debug;
		};
		A74E92CE26751F0D0021E03E /* Release */ = {
			isa = XCBuildConfiguration;
			buildSettings = {
				ASSETCATALOG_COMPILER_APPICON_NAME = AppIcon;
				ASSETCATALOG_COMPILER_GLOBAL_ACCENT_COLOR_NAME = AccentColor;
				CODE_SIGN_STYLE = Automatic;
				DEVELOPMENT_TEAM = GGA73G37Y2;
				INFOPLIST_FILE = "Twitter iOS Clone Project/Info.plist";
				LD_RUNPATH_SEARCH_PATHS = (
					"$(inherited)",
					"@executable_path/Frameworks",
				);
				PRODUCT_BUNDLE_IDENTIFIER = "co.ackdevelepment.Twitter-iOS-Clone-Project";
				PRODUCT_NAME = "$(TARGET_NAME)";
				SWIFT_VERSION = 5.0;
				TARGETED_DEVICE_FAMILY = "1,2";
			};
			name = Release;
		};
/* End XCBuildConfiguration section */

/* Begin XCConfigurationList section */
		A74E92B326751F0D0021E03E /* Build configuration list for PBXProject "Twitter iOS Clone Project" */ = {
			isa = XCConfigurationList;
			buildConfigurations = (
				A74E92CA26751F0D0021E03E /* Debug */,
				A74E92CB26751F0D0021E03E /* Release */,
			);
			defaultConfigurationIsVisible = 0;
			defaultConfigurationName = Release;
		};
		A74E92CC26751F0D0021E03E /* Build configuration list for PBXNativeTarget "Twitter iOS Clone Project" */ = {
			isa = XCConfigurationList;
			buildConfigurations = (
				A74E92CD26751F0D0021E03E /* Debug */,
				A74E92CE26751F0D0021E03E /* Release */,
			);
			defaultConfigurationIsVisible = 0;
			defaultConfigurationName = Release;
		};
/* End XCConfigurationList section */
	};
	rootObject = A74E92B026751F0D0021E03E /* Project object */;
}
